PODS:
  - dartcv_core (0.0.1-dev.1):
    - Flutter
  - Flutter (1.0.0)
  - image_picker_ios (0.0.1):
    - Flutter

DEPENDENCIES:
  - dartcv_core (from `.symlinks/plugins/dartcv_core/ios`)
  - Flutter (from `Flutter`)
  - image_picker_ios (from `.symlinks/plugins/image_picker_ios/ios`)

EXTERNAL SOURCES:
  dartcv_core:
    :path: ".symlinks/plugins/dartcv_core/ios"
  Flutter:
    :path: Flutter
  image_picker_ios:
    :path: ".symlinks/plugins/image_picker_ios/ios"

SPEC CHECKSUMS:
  dartcv_core: ef1a691a4464cee11e0d8bc483b43d4ee049326c
  Flutter: e0871f40cf51350855a761d2e70bf5af5b9b5de7
  image_picker_ios: c560581cceedb403a6ff17f2f816d7fea1421fc1

PODFILE CHECKSUM: 819463e6a0290f5a72f145ba7cde16e8b6ef0796

COCOAPODS: 1.15.2
