PODS:
  - dartcv_videoio_flutter (0.0.1):
    - DartCvMacOS (= 4.10.0)
    - DartCvMacOS/videoio (= 4.10.0)
    - FlutterMacOS
  - DartCvMacOS (4.10.0):
    - DartCvMacOS/calib3d (= 4.10.0)
    - DartCvMacOS/contrib (= 4.10.0)
    - DartCvMacOS/core (= 4.10.0)
    - DartCvMacOS/features2d (= 4.10.0)
    - DartCvMacOS/imgproc (= 4.10.0)
    - DartCvMacOS/objdetect (= 4.10.0)
    - DartCvMacOS/photo (= 4.10.0)
    - DartCvMacOS/stitching (= 4.10.0)
    - DartCvMacOS/video (= 4.10.0)
  - DartCvMacOS/calib3d (4.10.0):
    - DartCvMacOS/core
  - DartCvMacOS/contrib (4.10.0):
    - DartCvMacOS/core
  - DartCvMacOS/core (4.10.0)
  - DartCvMacOS/features2d (4.10.0):
    - DartCvMacOS/core
  - DartCvMacOS/imgproc (4.10.0):
    - DartCvMacOS/core
  - DartCvMacOS/objdetect (4.10.0):
    - DartCvMacOS/core
  - DartCvMacOS/photo (4.10.0):
    - DartCvMacOS/core
  - DartCvMacOS/stitching (4.10.0):
    - DartCvMacOS/core
  - DartCvMacOS/video (4.10.0):
    - DartCvMacOS/core
  - DartCvMacOS/videoio (4.10.0):
    - DartCvMacOS/core
  - FlutterMacOS (1.0.0)

DEPENDENCIES:
  - dartcv_videoio_flutter (from `Flutter/ephemeral/.symlinks/plugins/dartcv_videoio_flutter/macos`)
  - FlutterMacOS (from `Flutter/ephemeral`)

SPEC REPOS:
  trunk:
    - DartCvMacOS

EXTERNAL SOURCES:
  dartcv_videoio_flutter:
    :path: Flutter/ephemeral/.symlinks/plugins/dartcv_videoio_flutter/macos
  FlutterMacOS:
    :path: Flutter/ephemeral

SPEC CHECKSUMS:
  dartcv_videoio_flutter: d42a6bd1c8184ae8f57e97def9ae495b5cf29efc
  DartCvMacOS: 869911a78ddf3b08d992fc1e7c10fce44a40e791
  FlutterMacOS: 8f6f14fa908a6fb3fba0cd85dbd81ec4b251fb24

PODFILE CHECKSUM: 9ebaf0ce3d369aaa26a9ea0e159195ed94724cf3

COCOAPODS: 1.15.2
